
Microsoft Visual Studio Solution File, Format Version 12.00
# Visual Studio Version 16
VisualStudioVersion = 16.0.30523.141
MinimumVisualStudioVersion = 10.0.40219.1
Project("{FAE04EC0-301F-11D3-BF4B-00C04F79EFBC}") = "RepasoCSharp", "RepasoCSharp\RepasoCSharp.csproj", "{0902B28B-430E-46DD-94CD-C720BBC5A91F}"
EndProject
Global
	GlobalSection(SolutionConfigurationPlatforms) = preSolution
		Debug|Any CPU = Debug|Any CPU
		Release|Any CPU = Release|Any CPU
	EndGlobalSection
	GlobalSection(ProjectConfigurationPlatforms) = postSolution
		{0902B28B-430E-46DD-94CD-C720BBC5A91F}.Debug|Any CPU.ActiveCfg = Debug|Any CPU
		{0902B28B-430E-46DD-94CD-C720BBC5A91F}.Debug|Any CPU.Build.0 = Debug|Any CPU
		{0902B28B-430E-46DD-94CD-C720BBC5A91F}.Release|Any CPU.ActiveCfg = Release|Any CPU
		{0902B28B-430E-46DD-94CD-C720BBC5A91F}.Release|Any CPU.Build.0 = Release|Any CPU
	EndGlobalSection
	GlobalSection(SolutionProperties) = preSolution
		HideSolutionNode = FALSE
	EndGlobalSection
	GlobalSection(ExtensibilityGlobals) = postSolution
		SolutionGuid = {DE757B91-4452-4D3F-8F28-59D75C2B9EDD}
	EndGlobalSection
EndGlobal
